
Microsoft Visual Studio Solution File, Format Version 12.00
# Visual Studio Version 16
VisualStudioVersion = 16.0.31515.178
MinimumVisualStudioVersion = 10.0.40219.1
Project("{FAE04EC0-301F-11D3-BF4B-00C04F79EFBC}") = "AventureTexte", "AventureTexte.csproj", "{FDB01033-76EB-43D9-A9B8-800D0CE8EB3C}"
EndProject
Global
	GlobalSection(SolutionConfigurationPlatforms) = preSolution
		Debug|Any CPU = Debug|Any CPU
		Release|Any CPU = Release|Any CPU
	EndGlobalSection
	GlobalSection(ProjectConfigurationPlatforms) = postSolution
		{FDB01033-76EB-43D9-A9B8-800D0CE8EB3C}.Debug|Any CPU.ActiveCfg = Debug|Any CPU
		{FDB01033-76EB-43D9-A9B8-800D0CE8EB3C}.Debug|Any CPU.Build.0 = Debug|Any CPU
		{FDB01033-76EB-43D9-A9B8-800D0CE8EB3C}.Release|Any CPU.ActiveCfg = Release|Any CPU
		{FDB01033-76EB-43D9-A9B8-800D0CE8EB3C}.Release|Any CPU.Build.0 = Release|Any CPU
	EndGlobalSection
	GlobalSection(SolutionProperties) = preSolution
		HideSolutionNode = FALSE
	EndGlobalSection
	GlobalSection(ExtensibilityGlobals) = postSolution
		SolutionGuid = {2D23385D-9E38-4363-A1F0-53B4B7D8EDF4}
	EndGlobalSection
EndGlobal
